
Microsoft Visual Studio Solution File, Format Version 12.00
# Visual Studio Version 17
VisualStudioVersion = 17.10.35004.147
MinimumVisualStudioVersion = 10.0.40219.1
Project("{9A19103F-16F7-4668-BE54-9A1E7A4F7556}") = "MemoryGame.Core", "MemoryGame.Core\MemoryGame.Core.csproj", "{E6C90F9A-67F7-41B1-8BE8-34EC39499979}"
EndProject
Project("{9A19103F-16F7-4668-BE54-9A1E7A4F7556}") = "MemoryGame.WPF", "MemoryGame.WPF\MemoryGame.WPF.csproj", "{01ABD7D9-2ADE-40DA-9C64-F3BFCEBED904}"
EndProject
Project("{FAE04EC0-301F-11D3-BF4B-00C04F79EFBC}") = "MemoryGame.Core.Tests", "MemoryGame.Core.Tests\MemoryGame.Core.Tests.csproj", "{4CE22573-7ADC-42B4-87C5-43FD8720C651}"
EndProject
Global
	GlobalSection(SolutionConfigurationPlatforms) = preSolution
		Debug|Any CPU = Debug|Any CPU
		Release|Any CPU = Release|Any CPU
	EndGlobalSection
	GlobalSection(ProjectConfigurationPlatforms) = postSolution
		{E6C90F9A-67F7-41B1-8BE8-34EC39499979}.Debug|Any CPU.ActiveCfg = Debug|Any CPU
		{E6C90F9A-67F7-41B1-8BE8-34EC39499979}.Debug|Any CPU.Build.0 = Debug|Any CPU
		{E6C90F9A-67F7-41B1-8BE8-34EC39499979}.Release|Any CPU.ActiveCfg = Release|Any CPU
		{E6C90F9A-67F7-41B1-8BE8-34EC39499979}.Release|Any CPU.Build.0 = Release|Any CPU
		{01ABD7D9-2ADE-40DA-9C64-F3BFCEBED904}.Debug|Any CPU.ActiveCfg = Debug|Any CPU
		{01ABD7D9-2ADE-40DA-9C64-F3BFCEBED904}.Debug|Any CPU.Build.0 = Debug|Any CPU
		{01ABD7D9-2ADE-40DA-9C64-F3BFCEBED904}.Release|Any CPU.ActiveCfg = Release|Any CPU
		{01ABD7D9-2ADE-40DA-9C64-F3BFCEBED904}.Release|Any CPU.Build.0 = Release|Any CPU
		{4CE22573-7ADC-42B4-87C5-43FD8720C651}.Debug|Any CPU.ActiveCfg = Debug|Any CPU
		{4CE22573-7ADC-42B4-87C5-43FD8720C651}.Debug|Any CPU.Build.0 = Debug|Any CPU
		{4CE22573-7ADC-42B4-87C5-43FD8720C651}.Release|Any CPU.ActiveCfg = Release|Any CPU
		{4CE22573-7ADC-42B4-87C5-43FD8720C651}.Release|Any CPU.Build.0 = Release|Any CPU
	EndGlobalSection
	GlobalSection(SolutionProperties) = preSolution
		HideSolutionNode = FALSE
	EndGlobalSection
	GlobalSection(ExtensibilityGlobals) = postSolution
		SolutionGuid = {7976BE2E-6598-46DD-97EA-6237ED3AD739}
	EndGlobalSection
EndGlobal
